
Microsoft Visual Studio Solution File, Format Version 12.00
# Visual Studio Version 16
VisualStudioVersion = 16.0.31105.61
MinimumVisualStudioVersion = 10.0.40219.1
Project("{FAE04EC0-301F-11D3-BF4B-00C04F79EFBC}") = "modmailbot", "modmailbot.csproj", "{1758E0B4-BB9E-4F6C-8D71-79C607D56C92}"
EndProject
Project("{FAE04EC0-301F-11D3-BF4B-00C04F79EFBC}") = "Api", "API\Api.csproj", "{7F6F1AAC-E4DC-4FE7-8166-5B7AEC6FEB4C}"
EndProject
Global
	GlobalSection(SolutionConfigurationPlatforms) = preSolution
		Debug|Any CPU = Debug|Any CPU
		Release|Any CPU = Release|Any CPU
	EndGlobalSection
	GlobalSection(ProjectConfigurationPlatforms) = postSolution
		{1758E0B4-BB9E-4F6C-8D71-79C607D56C92}.Debug|Any CPU.ActiveCfg = Debug|Any CPU
		{1758E0B4-BB9E-4F6C-8D71-79C607D56C92}.Debug|Any CPU.Build.0 = Debug|Any CPU
		{1758E0B4-BB9E-4F6C-8D71-79C607D56C92}.Release|Any CPU.ActiveCfg = Release|Any CPU
		{1758E0B4-BB9E-4F6C-8D71-79C607D56C92}.Release|Any CPU.Build.0 = Release|Any CPU
		{7F6F1AAC-E4DC-4FE7-8166-5B7AEC6FEB4C}.Debug|Any CPU.ActiveCfg = Debug|Any CPU
		{7F6F1AAC-E4DC-4FE7-8166-5B7AEC6FEB4C}.Debug|Any CPU.Build.0 = Debug|Any CPU
		{7F6F1AAC-E4DC-4FE7-8166-5B7AEC6FEB4C}.Release|Any CPU.ActiveCfg = Debug|Any CPU
		{7F6F1AAC-E4DC-4FE7-8166-5B7AEC6FEB4C}.Release|Any CPU.Build.0 = Debug|Any CPU
	EndGlobalSection
	GlobalSection(SolutionProperties) = preSolution
		HideSolutionNode = FALSE
	EndGlobalSection
	GlobalSection(ExtensibilityGlobals) = postSolution
		SolutionGuid = {493C7D67-25A3-471B-99EC-FBDADD0283C8}
	EndGlobalSection
EndGlobal
